PODS:
  - Kingfisher (4.10.1)
  - MarkerKit (1.1.0)
  - RxAtomic (4.4.0)
  - RxCocoa (4.4.0):
    - RxSwift (~> 4.0)
  - RxSwift (4.4.0):
    - RxAtomic (~> 4.4)

DEPENDENCIES:
  - Kingfisher (= 4.10.1)
  - MarkerKit (= 1.1.0)
  - RxCocoa (= 4.4.0)
  - RxSwift (= 4.4.0)

SPEC REPOS:
  https://github.com/cocoapods/specs.git:
    - Kingfisher
    - MarkerKit
    - RxAtomic
    - RxCocoa
    - RxSwift

SPEC CHECKSUMS:
  Kingfisher: c148cd7b47ebde9989f6bc7c27dcaa79d81279a0
  MarkerKit: 4b51e234e32695959550979bb7bd45dfb1aa9399
  RxAtomic: eacf60db868c96bfd63320e28619fe29c179656f
  RxCocoa: df63ebf7b9a70d6b4eeea407ed5dd4efc8979749
  RxSwift: 5976ecd04fc2fefd648827c23de5e11157faa973

PODFILE CHECKSUM: 713a9e10d7aef2d7861587c7520109aeb44a734f

COCOAPODS: 1.5.3
