PODS:
  - Kingfisher (4.8.0)
  - MarkerKit (1.1.0)
  - RxCocoa (4.2.0):
    - RxSwift (~> 4.0)
  - RxSwift (4.2.0)

DEPENDENCIES:
  - Kingfisher (= 4.8.0)
  - MarkerKit (= 1.1.0)
  - RxCocoa (= 4.2.0)
  - RxSwift (= 4.2.0)

SPEC REPOS:
  https://github.com/cocoapods/specs.git:
    - Kingfisher
    - MarkerKit
    - RxCocoa
    - RxSwift

SPEC CHECKSUMS:
  Kingfisher: 976d828df2b24834c6a3f2fc4d82cdbd26552be1
  MarkerKit: 4b51e234e32695959550979bb7bd45dfb1aa9399
  RxCocoa: 0b54909c902e1e581212a03e690bbd94032d8baa
  RxSwift: 99e10317ddfcc7fbe01356aafd118fde4a0be104

PODFILE CHECKSUM: e0b15082e5b9a89d39f00cefd4db47a09d975c91

COCOAPODS: 1.5.3
