// !$*UTF8*$!
{
	archiveVersion = 1;
	classes = {
	};
	objectVersion = 50;
	objects = {

/* Begin PBXBuildFile section */
		5E547F77CAEED6C28CBBAE35 /* Pods_TheMoviesTests.framework in Frameworks */ = {isa = PBXBuildFile; fileRef = 449094613D5E797192CAB1B9 /* Pods_TheMoviesTests.framework */; };
		C60317E121165B440072ABF1 /* DiscoverTableVC.swift in Sources */ = {isa = PBXBuildFile; fileRef = C60317E021165B440072ABF1 /* DiscoverTableVC.swift */; };
		C61D63F220CC66E90065715B /* SearchScreenVM.swift in Sources */ = {isa = PBXBuildFile; fileRef = C61D63F120CC66E90065715B /* SearchScreenVM.swift */; };
		C61D63F420CC69F40065715B /* Config.swift in Sources */ = {isa = PBXBuildFile; fileRef = C61D63F320CC69F40065715B /* Config.swift */; };
		C61D63F720CC70A00065715B /* APIManager.swift in Sources */ = {isa = PBXBuildFile; fileRef = C61D63F620CC70A00065715B /* APIManager.swift */; };
		C61D63FA20CC957D0065715B /* MoviesResults.swift in Sources */ = {isa = PBXBuildFile; fileRef = C61D63F920CC957D0065715B /* MoviesResults.swift */; };
		C61D63FE20CC95B60065715B /* Movie.swift in Sources */ = {isa = PBXBuildFile; fileRef = C61D63FD20CC95B60065715B /* Movie.swift */; };
		C61D640220CC96030065715B /* MoviesResponse.swift in Sources */ = {isa = PBXBuildFile; fileRef = C61D640120CC96030065715B /* MoviesResponse.swift */; };
		C61D640420CC983F0065715B /* BaseViewModel.swift in Sources */ = {isa = PBXBuildFile; fileRef = C61D640320CC983F0065715B /* BaseViewModel.swift */; };
		C61D640820CC9EB60065715B /* MovieItemCell.swift in Sources */ = {isa = PBXBuildFile; fileRef = C61D640720CC9EB60065715B /* MovieItemCell.swift */; };
		C61D640A20CC9FCE0065715B /* Collection+.swift in Sources */ = {isa = PBXBuildFile; fileRef = C61D640920CC9FCE0065715B /* Collection+.swift */; };
		C65C15D9219B579C00F9FB42 /* Pods_TheMovies.framework in Frameworks */ = {isa = PBXBuildFile; fileRef = C65C15D8219B579C00F9FB42 /* Pods_TheMovies.framework */; };
		C65C15DB219B5A5000F9FB42 /* Endpoint.swift in Sources */ = {isa = PBXBuildFile; fileRef = C65C15DA219B5A5000F9FB42 /* Endpoint.swift */; };
		C65C15DD219B5BB100F9FB42 /* AppError.swift in Sources */ = {isa = PBXBuildFile; fileRef = C65C15DC219B5BB100F9FB42 /* AppError.swift */; };
		C65C15DF219B5C5D00F9FB42 /* Dependencies.swift in Sources */ = {isa = PBXBuildFile; fileRef = C65C15DE219B5C5D00F9FB42 /* Dependencies.swift */; };
		C65C15E1219B5F9D00F9FB42 /* TheMovieDBApi.swift in Sources */ = {isa = PBXBuildFile; fileRef = C65C15E0219B5F9D00F9FB42 /* TheMovieDBApi.swift */; };
		C65C15E3219B7CEE00F9FB42 /* JSONDecoder+.swift in Sources */ = {isa = PBXBuildFile; fileRef = C65C15E2219B7CEE00F9FB42 /* JSONDecoder+.swift */; };
		C65C2A9A211F883300759E8A /* UIView+.swift in Sources */ = {isa = PBXBuildFile; fileRef = C65C2A99211F883300759E8A /* UIView+.swift */; };
		C65C2A9C211F90ED00759E8A /* DateFormatter+.swift in Sources */ = {isa = PBXBuildFile; fileRef = C65C2A9B211F90ED00759E8A /* DateFormatter+.swift */; };
		C66C0BE620CE666000B7D42E /* AlertService.swift in Sources */ = {isa = PBXBuildFile; fileRef = C66C0BE520CE666000B7D42E /* AlertService.swift */; };
		C682226B21204CDE00A76D9A /* MovieDeatilsVC.swift in Sources */ = {isa = PBXBuildFile; fileRef = C682226A21204CDE00A76D9A /* MovieDeatilsVC.swift */; };
		C682226D21204CEF00A76D9A /* MovieDetailsVM.swift in Sources */ = {isa = PBXBuildFile; fileRef = C682226C21204CEF00A76D9A /* MovieDetailsVM.swift */; };
		C682226F2120502E00A76D9A /* MovieYearReleaseView.swift in Sources */ = {isa = PBXBuildFile; fileRef = C682226E2120502E00A76D9A /* MovieYearReleaseView.swift */; };
		C68222712120536D00A76D9A /* UIImageView+.swift in Sources */ = {isa = PBXBuildFile; fileRef = C68222702120536D00A76D9A /* UIImageView+.swift */; };
		C682227321208F0000A76D9A /* MovieDetailsResponse.swift in Sources */ = {isa = PBXBuildFile; fileRef = C682227221208F0000A76D9A /* MovieDetailsResponse.swift */; };
		C68222752120910500A76D9A /* BaseVC.swift in Sources */ = {isa = PBXBuildFile; fileRef = C68222742120910500A76D9A /* BaseVC.swift */; };
		C68222772120940000A76D9A /* BaseTableVC.swift in Sources */ = {isa = PBXBuildFile; fileRef = C6822276212093FF00A76D9A /* BaseTableVC.swift */; };
		C6D7118521165275004E8822 /* TabBarViewController.swift in Sources */ = {isa = PBXBuildFile; fileRef = C6D7118421165275004E8822 /* TabBarViewController.swift */; };
		C6D711892116569E004E8822 /* UILabel+.swift in Sources */ = {isa = PBXBuildFile; fileRef = C6D711882116569E004E8822 /* UILabel+.swift */; };
		C6D7118B21165806004E8822 /* Image.swift in Sources */ = {isa = PBXBuildFile; fileRef = C6D7118A21165806004E8822 /* Image.swift */; };
		C6DDFACB20CAB04700BEAF5B /* AppDelegate.swift in Sources */ = {isa = PBXBuildFile; fileRef = C6DDFACA20CAB04700BEAF5B /* AppDelegate.swift */; };
		C6DDFACD20CAB04700BEAF5B /* SearchTableVC.swift in Sources */ = {isa = PBXBuildFile; fileRef = C6DDFACC20CAB04700BEAF5B /* SearchTableVC.swift */; };
		C6DDFAD520CAB04900BEAF5B /* Assets.xcassets in Resources */ = {isa = PBXBuildFile; fileRef = C6DDFAD420CAB04900BEAF5B /* Assets.xcassets */; };
		C6DDFAD820CAB04900BEAF5B /* LaunchScreen.storyboard in Resources */ = {isa = PBXBuildFile; fileRef = C6DDFAD620CAB04900BEAF5B /* LaunchScreen.storyboard */; };
		C6DDFAE320CAB04A00BEAF5B /* TheMoviesTests.swift in Sources */ = {isa = PBXBuildFile; fileRef = C6DDFAE220CAB04A00BEAF5B /* TheMoviesTests.swift */; };
		C6DDFAEE20CAB04A00BEAF5B /* TheMoviesUITests.swift in Sources */ = {isa = PBXBuildFile; fileRef = C6DDFAED20CAB04A00BEAF5B /* TheMoviesUITests.swift */; };
		C6DDFAFD20CAB32200BEAF5B /* UIColor+.swift in Sources */ = {isa = PBXBuildFile; fileRef = C6DDFAFC20CAB32200BEAF5B /* UIColor+.swift */; };
		C6EC202620CDD50A00817D21 /* QueriesHistoryService.swift in Sources */ = {isa = PBXBuildFile; fileRef = C6EC202520CDD50A00817D21 /* QueriesHistoryService.swift */; };
		C6F9161A2117885A00526B26 /* DiscoverVM.swift in Sources */ = {isa = PBXBuildFile; fileRef = C6F916192117885A00526B26 /* DiscoverVM.swift */; };
		F3F18BEDD26C5E120D60DD07 /* Pods_TheMoviesUITests.framework in Frameworks */ = {isa = PBXBuildFile; fileRef = DB898D35F0535D38AE95CD87 /* Pods_TheMoviesUITests.framework */; };
/* End PBXBuildFile section */

/* Begin PBXContainerItemProxy section */
		C6DDFADF20CAB04A00BEAF5B /* PBXContainerItemProxy */ = {
			isa = PBXContainerItemProxy;
			containerPortal = C6DDFABF20CAB04700BEAF5B /* Project object */;
			proxyType = 1;
			remoteGlobalIDString = C6DDFAC620CAB04700BEAF5B;
			remoteInfo = MovieSearcher;
		};
		C6DDFAEA20CAB04A00BEAF5B /* PBXContainerItemProxy */ = {
			isa = PBXContainerItemProxy;
			containerPortal = C6DDFABF20CAB04700BEAF5B /* Project object */;
			proxyType = 1;
			remoteGlobalIDString = C6DDFAC620CAB04700BEAF5B;
			remoteInfo = MovieSearcher;
		};
/* End PBXContainerItemProxy section */

/* Begin PBXFileReference section */
		26849B0838E9CA5E205C0657 /* Pods_TheMovies.framework */ = {isa = PBXFileReference; explicitFileType = wrapper.framework; includeInIndex = 0; path = Pods_TheMovies.framework; sourceTree = BUILT_PRODUCTS_DIR; };
		26C052C2B4E5C68C633D790A /* Pods-TheMoviesTests.debug.xcconfig */ = {isa = PBXFileReference; includeInIndex = 1; lastKnownFileType = text.xcconfig; name = "Pods-TheMoviesTests.debug.xcconfig"; path = "Pods/Target Support Files/Pods-TheMoviesTests/Pods-TheMoviesTests.debug.xcconfig"; sourceTree = "<group>"; };
		43B53DEE7994C721EB3E71B9 /* Pods-TheMoviesTests.release.xcconfig */ = {isa = PBXFileReference; includeInIndex = 1; lastKnownFileType = text.xcconfig; name = "Pods-TheMoviesTests.release.xcconfig"; path = "Pods/Target Support Files/Pods-TheMoviesTests/Pods-TheMoviesTests.release.xcconfig"; sourceTree = "<group>"; };
		449094613D5E797192CAB1B9 /* Pods_TheMoviesTests.framework */ = {isa = PBXFileReference; explicitFileType = wrapper.framework; includeInIndex = 0; path = Pods_TheMoviesTests.framework; sourceTree = BUILT_PRODUCTS_DIR; };
		4DAE3A6A6AE568BD8ECACC1B /* Pods-TheMoviesUITests.debug.xcconfig */ = {isa = PBXFileReference; includeInIndex = 1; lastKnownFileType = text.xcconfig; name = "Pods-TheMoviesUITests.debug.xcconfig"; path = "Pods/Target Support Files/Pods-TheMoviesUITests/Pods-TheMoviesUITests.debug.xcconfig"; sourceTree = "<group>"; };
		645F721A65976F3CEB91F418 /* Pods-TheMovies.release.xcconfig */ = {isa = PBXFileReference; includeInIndex = 1; lastKnownFileType = text.xcconfig; name = "Pods-TheMovies.release.xcconfig"; path = "Pods/Target Support Files/Pods-TheMovies/Pods-TheMovies.release.xcconfig"; sourceTree = "<group>"; };
		74346CD39050B27C5BB90B89 /* Pods-TheMoviesUITests.release.xcconfig */ = {isa = PBXFileReference; includeInIndex = 1; lastKnownFileType = text.xcconfig; name = "Pods-TheMoviesUITests.release.xcconfig"; path = "Pods/Target Support Files/Pods-TheMoviesUITests/Pods-TheMoviesUITests.release.xcconfig"; sourceTree = "<group>"; };
		94F7DDF56228FE525273CE4C /* Pods_MovieSearcher.framework */ = {isa = PBXFileReference; explicitFileType = wrapper.framework; includeInIndex = 0; path = Pods_MovieSearcher.framework; sourceTree = BUILT_PRODUCTS_DIR; };
		98BFF8FC5801A48BED02877A /* Pods_MovieSearcherUITests.framework */ = {isa = PBXFileReference; explicitFileType = wrapper.framework; includeInIndex = 0; path = Pods_MovieSearcherUITests.framework; sourceTree = BUILT_PRODUCTS_DIR; };
		C60317E021165B440072ABF1 /* DiscoverTableVC.swift */ = {isa = PBXFileReference; lastKnownFileType = sourcecode.swift; path = DiscoverTableVC.swift; sourceTree = "<group>"; };
		C61D63F120CC66E90065715B /* SearchScreenVM.swift */ = {isa = PBXFileReference; lastKnownFileType = sourcecode.swift; path = SearchScreenVM.swift; sourceTree = "<group>"; };
		C61D63F320CC69F40065715B /* Config.swift */ = {isa = PBXFileReference; lastKnownFileType = sourcecode.swift; path = Config.swift; sourceTree = "<group>"; };
		C61D63F620CC70A00065715B /* APIManager.swift */ = {isa = PBXFileReference; lastKnownFileType = sourcecode.swift; path = APIManager.swift; sourceTree = "<group>"; };
		C61D63F920CC957D0065715B /* MoviesResults.swift */ = {isa = PBXFileReference; lastKnownFileType = sourcecode.swift; path = MoviesResults.swift; sourceTree = "<group>"; };
		C61D63FD20CC95B60065715B /* Movie.swift */ = {isa = PBXFileReference; lastKnownFileType = sourcecode.swift; path = Movie.swift; sourceTree = "<group>"; };
		C61D640120CC96030065715B /* MoviesResponse.swift */ = {isa = PBXFileReference; lastKnownFileType = sourcecode.swift; path = MoviesResponse.swift; sourceTree = "<group>"; };
		C61D640320CC983F0065715B /* BaseViewModel.swift */ = {isa = PBXFileReference; lastKnownFileType = sourcecode.swift; path = BaseViewModel.swift; sourceTree = "<group>"; };
		C61D640720CC9EB60065715B /* MovieItemCell.swift */ = {isa = PBXFileReference; lastKnownFileType = sourcecode.swift; path = MovieItemCell.swift; sourceTree = "<group>"; };
		C61D640920CC9FCE0065715B /* Collection+.swift */ = {isa = PBXFileReference; lastKnownFileType = sourcecode.swift; path = "Collection+.swift"; sourceTree = "<group>"; };
		C65C15D8219B579C00F9FB42 /* Pods_TheMovies.framework */ = {isa = PBXFileReference; explicitFileType = wrapper.framework; path = Pods_TheMovies.framework; sourceTree = BUILT_PRODUCTS_DIR; };
		C65C15DA219B5A5000F9FB42 /* Endpoint.swift */ = {isa = PBXFileReference; lastKnownFileType = sourcecode.swift; path = Endpoint.swift; sourceTree = "<group>"; };
		C65C15DC219B5BB100F9FB42 /* AppError.swift */ = {isa = PBXFileReference; lastKnownFileType = sourcecode.swift; path = AppError.swift; sourceTree = "<group>"; };
		C65C15DE219B5C5D00F9FB42 /* Dependencies.swift */ = {isa = PBXFileReference; lastKnownFileType = sourcecode.swift; path = Dependencies.swift; sourceTree = "<group>"; };
		C65C15E0219B5F9D00F9FB42 /* TheMovieDBApi.swift */ = {isa = PBXFileReference; lastKnownFileType = sourcecode.swift; path = TheMovieDBApi.swift; sourceTree = "<group>"; };
		C65C15E2219B7CEE00F9FB42 /* JSONDecoder+.swift */ = {isa = PBXFileReference; lastKnownFileType = sourcecode.swift; path = "JSONDecoder+.swift"; sourceTree = "<group>"; };
		C65C2A99211F883300759E8A /* UIView+.swift */ = {isa = PBXFileReference; lastKnownFileType = sourcecode.swift; path = "UIView+.swift"; sourceTree = "<group>"; };
		C65C2A9B211F90ED00759E8A /* DateFormatter+.swift */ = {isa = PBXFileReference; lastKnownFileType = sourcecode.swift; path = "DateFormatter+.swift"; sourceTree = "<group>"; };
		C66C0BE520CE666000B7D42E /* AlertService.swift */ = {isa = PBXFileReference; lastKnownFileType = sourcecode.swift; path = AlertService.swift; sourceTree = "<group>"; };
		C682226A21204CDE00A76D9A /* MovieDeatilsVC.swift */ = {isa = PBXFileReference; lastKnownFileType = sourcecode.swift; path = MovieDeatilsVC.swift; sourceTree = "<group>"; };
		C682226C21204CEF00A76D9A /* MovieDetailsVM.swift */ = {isa = PBXFileReference; lastKnownFileType = sourcecode.swift; path = MovieDetailsVM.swift; sourceTree = "<group>"; };
		C682226E2120502E00A76D9A /* MovieYearReleaseView.swift */ = {isa = PBXFileReference; lastKnownFileType = sourcecode.swift; path = MovieYearReleaseView.swift; sourceTree = "<group>"; };
		C68222702120536D00A76D9A /* UIImageView+.swift */ = {isa = PBXFileReference; lastKnownFileType = sourcecode.swift; path = "UIImageView+.swift"; sourceTree = "<group>"; };
		C682227221208F0000A76D9A /* MovieDetailsResponse.swift */ = {isa = PBXFileReference; lastKnownFileType = sourcecode.swift; path = MovieDetailsResponse.swift; sourceTree = "<group>"; };
		C68222742120910500A76D9A /* BaseVC.swift */ = {isa = PBXFileReference; lastKnownFileType = sourcecode.swift; path = BaseVC.swift; sourceTree = "<group>"; };
		C6822276212093FF00A76D9A /* BaseTableVC.swift */ = {isa = PBXFileReference; fileEncoding = 4; lastKnownFileType = sourcecode.swift; path = BaseTableVC.swift; sourceTree = "<group>"; };
		C6D7118421165275004E8822 /* TabBarViewController.swift */ = {isa = PBXFileReference; lastKnownFileType = sourcecode.swift; path = TabBarViewController.swift; sourceTree = "<group>"; };
		C6D711882116569E004E8822 /* UILabel+.swift */ = {isa = PBXFileReference; lastKnownFileType = sourcecode.swift; path = "UILabel+.swift"; sourceTree = "<group>"; };
		C6D7118A21165806004E8822 /* Image.swift */ = {isa = PBXFileReference; lastKnownFileType = sourcecode.swift; path = Image.swift; sourceTree = "<group>"; };
		C6DDFAC720CAB04700BEAF5B /* TheMovies.app */ = {isa = PBXFileReference; explicitFileType = wrapper.application; includeInIndex = 0; path = TheMovies.app; sourceTree = BUILT_PRODUCTS_DIR; };
		C6DDFACA20CAB04700BEAF5B /* AppDelegate.swift */ = {isa = PBXFileReference; lastKnownFileType = sourcecode.swift; path = AppDelegate.swift; sourceTree = "<group>"; };
		C6DDFACC20CAB04700BEAF5B /* SearchTableVC.swift */ = {isa = PBXFileReference; lastKnownFileType = sourcecode.swift; path = SearchTableVC.swift; sourceTree = "<group>"; };
		C6DDFAD420CAB04900BEAF5B /* Assets.xcassets */ = {isa = PBXFileReference; lastKnownFileType = folder.assetcatalog; path = Assets.xcassets; sourceTree = "<group>"; };
		C6DDFAD720CAB04900BEAF5B /* Base */ = {isa = PBXFileReference; lastKnownFileType = file.storyboard; name = Base; path = Base.lproj/LaunchScreen.storyboard; sourceTree = "<group>"; };
		C6DDFAD920CAB04A00BEAF5B /* Info.plist */ = {isa = PBXFileReference; lastKnownFileType = text.plist.xml; path = Info.plist; sourceTree = "<group>"; };
		C6DDFADE20CAB04A00BEAF5B /* TheMoviesTests.xctest */ = {isa = PBXFileReference; explicitFileType = wrapper.cfbundle; includeInIndex = 0; path = TheMoviesTests.xctest; sourceTree = BUILT_PRODUCTS_DIR; };
		C6DDFAE220CAB04A00BEAF5B /* TheMoviesTests.swift */ = {isa = PBXFileReference; lastKnownFileType = sourcecode.swift; path = TheMoviesTests.swift; sourceTree = "<group>"; };
		C6DDFAE420CAB04A00BEAF5B /* Info.plist */ = {isa = PBXFileReference; lastKnownFileType = text.plist.xml; path = Info.plist; sourceTree = "<group>"; };
		C6DDFAE920CAB04A00BEAF5B /* TheMoviesUITests.xctest */ = {isa = PBXFileReference; explicitFileType = wrapper.cfbundle; includeInIndex = 0; path = TheMoviesUITests.xctest; sourceTree = BUILT_PRODUCTS_DIR; };
		C6DDFAED20CAB04A00BEAF5B /* TheMoviesUITests.swift */ = {isa = PBXFileReference; lastKnownFileType = sourcecode.swift; path = TheMoviesUITests.swift; sourceTree = "<group>"; };
		C6DDFAEF20CAB04A00BEAF5B /* Info.plist */ = {isa = PBXFileReference; lastKnownFileType = text.plist.xml; path = Info.plist; sourceTree = "<group>"; };
		C6DDFAFC20CAB32200BEAF5B /* UIColor+.swift */ = {isa = PBXFileReference; lastKnownFileType = sourcecode.swift; path = "UIColor+.swift"; sourceTree = "<group>"; };
		C6EC202520CDD50A00817D21 /* QueriesHistoryService.swift */ = {isa = PBXFileReference; lastKnownFileType = sourcecode.swift; path = QueriesHistoryService.swift; sourceTree = "<group>"; };
		C6F916192117885A00526B26 /* DiscoverVM.swift */ = {isa = PBXFileReference; lastKnownFileType = sourcecode.swift; path = DiscoverVM.swift; sourceTree = "<group>"; };
		D67439EBAC6B2A46EF653846 /* Pods_MovieSearcherTests.framework */ = {isa = PBXFileReference; explicitFileType = wrapper.framework; includeInIndex = 0; path = Pods_MovieSearcherTests.framework; sourceTree = BUILT_PRODUCTS_DIR; };
		DB898D35F0535D38AE95CD87 /* Pods_TheMoviesUITests.framework */ = {isa = PBXFileReference; explicitFileType = wrapper.framework; includeInIndex = 0; path = Pods_TheMoviesUITests.framework; sourceTree = BUILT_PRODUCTS_DIR; };
		FCDD7158E5D2C7EF73934758 /* Pods-TheMovies.debug.xcconfig */ = {isa = PBXFileReference; includeInIndex = 1; lastKnownFileType = text.xcconfig; name = "Pods-TheMovies.debug.xcconfig"; path = "Pods/Target Support Files/Pods-TheMovies/Pods-TheMovies.debug.xcconfig"; sourceTree = "<group>"; };
/* End PBXFileReference section */

/* Begin PBXFrameworksBuildPhase section */
		C6DDFAC420CAB04700BEAF5B /* Frameworks */ = {
			isa = PBXFrameworksBuildPhase;
			buildActionMask = 2147483647;
			files = (
				C65C15D9219B579C00F9FB42 /* Pods_TheMovies.framework in Frameworks */,
			);
			runOnlyForDeploymentPostprocessing = 0;
		};
		C6DDFADB20CAB04A00BEAF5B /* Frameworks */ = {
			isa = PBXFrameworksBuildPhase;
			buildActionMask = 2147483647;
			files = (
				5E547F77CAEED6C28CBBAE35 /* Pods_TheMoviesTests.framework in Frameworks */,
			);
			runOnlyForDeploymentPostprocessing = 0;
		};
		C6DDFAE620CAB04A00BEAF5B /* Frameworks */ = {
			isa = PBXFrameworksBuildPhase;
			buildActionMask = 2147483647;
			files = (
				F3F18BEDD26C5E120D60DD07 /* Pods_TheMoviesUITests.framework in Frameworks */,
			);
			runOnlyForDeploymentPostprocessing = 0;
		};
/* End PBXFrameworksBuildPhase section */

/* Begin PBXGroup section */
		A0C661C3954A4CA12FD3C3F2 /* Pods */ = {
			isa = PBXGroup;
			children = (
				FCDD7158E5D2C7EF73934758 /* Pods-TheMovies.debug.xcconfig */,
				645F721A65976F3CEB91F418 /* Pods-TheMovies.release.xcconfig */,
				26C052C2B4E5C68C633D790A /* Pods-TheMoviesTests.debug.xcconfig */,
				43B53DEE7994C721EB3E71B9 /* Pods-TheMoviesTests.release.xcconfig */,
				4DAE3A6A6AE568BD8ECACC1B /* Pods-TheMoviesUITests.debug.xcconfig */,
				74346CD39050B27C5BB90B89 /* Pods-TheMoviesUITests.release.xcconfig */,
			);
			name = Pods;
			sourceTree = "<group>";
		};
		A841A5EB2A6C69FDF4B8E6C5 /* Frameworks */ = {
			isa = PBXGroup;
			children = (
				C65C15D8219B579C00F9FB42 /* Pods_TheMovies.framework */,
				94F7DDF56228FE525273CE4C /* Pods_MovieSearcher.framework */,
				D67439EBAC6B2A46EF653846 /* Pods_MovieSearcherTests.framework */,
				98BFF8FC5801A48BED02877A /* Pods_MovieSearcherUITests.framework */,
				26849B0838E9CA5E205C0657 /* Pods_TheMovies.framework */,
				449094613D5E797192CAB1B9 /* Pods_TheMoviesTests.framework */,
				DB898D35F0535D38AE95CD87 /* Pods_TheMoviesUITests.framework */,
			);
			name = Frameworks;
			sourceTree = "<group>";
		};
		C60317E221165B500072ABF1 /* Scenes */ = {
			isa = PBXGroup;
			children = (
				C682226921204CC100A76D9A /* MovieDetails */,
				C60317E321165B5D0072ABF1 /* Discover */,
				C60317E521165B6D0072ABF1 /* Search */,
			);
			path = Scenes;
			sourceTree = "<group>";
		};
		C60317E321165B5D0072ABF1 /* Discover */ = {
			isa = PBXGroup;
			children = (
				C60317E021165B440072ABF1 /* DiscoverTableVC.swift */,
				C6F916192117885A00526B26 /* DiscoverVM.swift */,
			);
			path = Discover;
			sourceTree = "<group>";
		};
		C60317E521165B6D0072ABF1 /* Search */ = {
			isa = PBXGroup;
			children = (
				C6DDFACC20CAB04700BEAF5B /* SearchTableVC.swift */,
				C61D63F120CC66E90065715B /* SearchScreenVM.swift */,
			);
			path = Search;
			sourceTree = "<group>";
		};
		C61D63EA20CC65400065715B /* Supporting Files */ = {
			isa = PBXGroup;
			children = (
				C6DDFAD920CAB04A00BEAF5B /* Info.plist */,
			);
			path = "Supporting Files";
			sourceTree = "<group>";
		};
		C61D63EB20CC65520065715B /* Resources */ = {
			isa = PBXGroup;
			children = (
				C6D7118A21165806004E8822 /* Image.swift */,
				C6DDFAD420CAB04900BEAF5B /* Assets.xcassets */,
				C6DDFAD620CAB04900BEAF5B /* LaunchScreen.storyboard */,
			);
			path = Resources;
			sourceTree = "<group>";
		};
		C61D63EC20CC65630065715B /* Main */ = {
			isa = PBXGroup;
			children = (
				C61D63ED20CC65F20065715B /* ViewControllers */,
				C61D63F020CC668A0065715B /* ViewModels */,
				C6DDFACA20CAB04700BEAF5B /* AppDelegate.swift */,
				C61D63F320CC69F40065715B /* Config.swift */,
				C65C15DE219B5C5D00F9FB42 /* Dependencies.swift */,
			);
			path = Main;
			sourceTree = "<group>";
		};
		C61D63ED20CC65F20065715B /* ViewControllers */ = {
			isa = PBXGroup;
			children = (
				C6822276212093FF00A76D9A /* BaseTableVC.swift */,
				C68222742120910500A76D9A /* BaseVC.swift */,
				C6D7118421165275004E8822 /* TabBarViewController.swift */,
			);
			path = ViewControllers;
			sourceTree = "<group>";
		};
		C61D63EE20CC66240065715B /* Extensions */ = {
			isa = PBXGroup;
			children = (
				C61D640920CC9FCE0065715B /* Collection+.swift */,
				C65C2A9B211F90ED00759E8A /* DateFormatter+.swift */,
				C65C15E2219B7CEE00F9FB42 /* JSONDecoder+.swift */,
				C6DDFAFC20CAB32200BEAF5B /* UIColor+.swift */,
				C68222702120536D00A76D9A /* UIImageView+.swift */,
				C6D711882116569E004E8822 /* UILabel+.swift */,
				C65C2A99211F883300759E8A /* UIView+.swift */,
			);
			path = Extensions;
			sourceTree = "<group>";
		};
		C61D63EF20CC662E0065715B /* Tools */ = {
			isa = PBXGroup;
			children = (
				C6EC202520CDD50A00817D21 /* QueriesHistoryService.swift */,
				C66C0BE520CE666000B7D42E /* AlertService.swift */,
			);
			path = Tools;
			sourceTree = "<group>";
		};
		C61D63F020CC668A0065715B /* ViewModels */ = {
			isa = PBXGroup;
			children = (
				C61D640320CC983F0065715B /* BaseViewModel.swift */,
			);
			path = ViewModels;
			sourceTree = "<group>";
		};
		C61D63F520CC70740065715B /* Networking */ = {
			isa = PBXGroup;
			children = (
				C61D63F620CC70A00065715B /* APIManager.swift */,
				C65C15DC219B5BB100F9FB42 /* AppError.swift */,
				C65C15DA219B5A5000F9FB42 /* Endpoint.swift */,
				C682227221208F0000A76D9A /* MovieDetailsResponse.swift */,
				C61D640120CC96030065715B /* MoviesResponse.swift */,
				C65C15E0219B5F9D00F9FB42 /* TheMovieDBApi.swift */,
			);
			path = Networking;
			sourceTree = "<group>";
		};
		C61D63F820CC95620065715B /* Model */ = {
			isa = PBXGroup;
			children = (
				C61D63F920CC957D0065715B /* MoviesResults.swift */,
				C61D63FD20CC95B60065715B /* Movie.swift */,
			);
			path = Model;
			sourceTree = "<group>";
		};
		C61D640520CC9B120065715B /* Views */ = {
			isa = PBXGroup;
			children = (
				C61D640620CC9B1C0065715B /* Cells */,
				C682226E2120502E00A76D9A /* MovieYearReleaseView.swift */,
			);
			path = Views;
			sourceTree = "<group>";
		};
		C61D640620CC9B1C0065715B /* Cells */ = {
			isa = PBXGroup;
			children = (
				C61D640720CC9EB60065715B /* MovieItemCell.swift */,
			);
			path = Cells;
			sourceTree = "<group>";
		};
		C682226921204CC100A76D9A /* MovieDetails */ = {
			isa = PBXGroup;
			children = (
				C682226A21204CDE00A76D9A /* MovieDeatilsVC.swift */,
				C682226C21204CEF00A76D9A /* MovieDetailsVM.swift */,
			);
			path = MovieDetails;
			sourceTree = "<group>";
		};
		C6DDFABE20CAB04700BEAF5B = {
			isa = PBXGroup;
			children = (
				C6DDFAC920CAB04700BEAF5B /* TheMovies */,
				C6DDFAE120CAB04A00BEAF5B /* TheMoviesTests */,
				C6DDFAEC20CAB04A00BEAF5B /* TheMoviesUITests */,
				C6DDFAC820CAB04700BEAF5B /* Products */,
				A0C661C3954A4CA12FD3C3F2 /* Pods */,
				A841A5EB2A6C69FDF4B8E6C5 /* Frameworks */,
			);
			sourceTree = "<group>";
		};
		C6DDFAC820CAB04700BEAF5B /* Products */ = {
			isa = PBXGroup;
			children = (
				C6DDFAC720CAB04700BEAF5B /* TheMovies.app */,
				C6DDFADE20CAB04A00BEAF5B /* TheMoviesTests.xctest */,
				C6DDFAE920CAB04A00BEAF5B /* TheMoviesUITests.xctest */,
			);
			name = Products;
			sourceTree = "<group>";
		};
		C6DDFAC920CAB04700BEAF5B /* TheMovies */ = {
			isa = PBXGroup;
			children = (
				C61D63EF20CC662E0065715B /* Tools */,
				C61D63EE20CC66240065715B /* Extensions */,
				C61D63F820CC95620065715B /* Model */,
				C61D63F520CC70740065715B /* Networking */,
				C60317E221165B500072ABF1 /* Scenes */,
				C61D640520CC9B120065715B /* Views */,
				C61D63EC20CC65630065715B /* Main */,
				C61D63EB20CC65520065715B /* Resources */,
				C61D63EA20CC65400065715B /* Supporting Files */,
			);
			path = TheMovies;
			sourceTree = "<group>";
		};
		C6DDFAE120CAB04A00BEAF5B /* TheMoviesTests */ = {
			isa = PBXGroup;
			children = (
				C6DDFAE220CAB04A00BEAF5B /* TheMoviesTests.swift */,
				C6DDFAE420CAB04A00BEAF5B /* Info.plist */,
			);
			path = TheMoviesTests;
			sourceTree = "<group>";
		};
		C6DDFAEC20CAB04A00BEAF5B /* TheMoviesUITests */ = {
			isa = PBXGroup;
			children = (
				C6DDFAED20CAB04A00BEAF5B /* TheMoviesUITests.swift */,
				C6DDFAEF20CAB04A00BEAF5B /* Info.plist */,
			);
			path = TheMoviesUITests;
			sourceTree = "<group>";
		};
/* End PBXGroup section */

/* Begin PBXNativeTarget section */
		C6DDFAC620CAB04700BEAF5B /* TheMovies */ = {
			isa = PBXNativeTarget;
			buildConfigurationList = C6DDFAF220CAB04A00BEAF5B /* Build configuration list for PBXNativeTarget "TheMovies" */;
			buildPhases = (
				A85D84B7A92644C55936CE76 /* [CP] Check Pods Manifest.lock */,
				C6DDFAC320CAB04700BEAF5B /* Sources */,
				C6DDFAC420CAB04700BEAF5B /* Frameworks */,
				C6DDFAC520CAB04700BEAF5B /* Resources */,
				9B9DD501B2DB3AB26B979874 /* [CP] Embed Pods Frameworks */,
			);
			buildRules = (
			);
			dependencies = (
			);
			name = TheMovies;
			productName = MovieSearcher;
			productReference = C6DDFAC720CAB04700BEAF5B /* TheMovies.app */;
			productType = "com.apple.product-type.application";
		};
		C6DDFADD20CAB04A00BEAF5B /* TheMoviesTests */ = {
			isa = PBXNativeTarget;
			buildConfigurationList = C6DDFAF520CAB04A00BEAF5B /* Build configuration list for PBXNativeTarget "TheMoviesTests" */;
			buildPhases = (
				58C4D377E1363BEA7F2BE368 /* [CP] Check Pods Manifest.lock */,
				C6DDFADA20CAB04A00BEAF5B /* Sources */,
				C6DDFADB20CAB04A00BEAF5B /* Frameworks */,
				C6DDFADC20CAB04A00BEAF5B /* Resources */,
			);
			buildRules = (
			);
			dependencies = (
				C6DDFAE020CAB04A00BEAF5B /* PBXTargetDependency */,
			);
			name = TheMoviesTests;
			productName = MovieSearcherTests;
			productReference = C6DDFADE20CAB04A00BEAF5B /* TheMoviesTests.xctest */;
			productType = "com.apple.product-type.bundle.unit-test";
		};
		C6DDFAE820CAB04A00BEAF5B /* TheMoviesUITests */ = {
			isa = PBXNativeTarget;
			buildConfigurationList = C6DDFAF820CAB04A00BEAF5B /* Build configuration list for PBXNativeTarget "TheMoviesUITests" */;
			buildPhases = (
				4C50FBA90ABCD0C6A5EB5BD2 /* [CP] Check Pods Manifest.lock */,
				C6DDFAE520CAB04A00BEAF5B /* Sources */,
				C6DDFAE620CAB04A00BEAF5B /* Frameworks */,
				C6DDFAE720CAB04A00BEAF5B /* Resources */,
			);
			buildRules = (
			);
			dependencies = (
				C6DDFAEB20CAB04A00BEAF5B /* PBXTargetDependency */,
			);
			name = TheMoviesUITests;
			productName = MovieSearcherUITests;
			productReference = C6DDFAE920CAB04A00BEAF5B /* TheMoviesUITests.xctest */;
			productType = "com.apple.product-type.bundle.ui-testing";
		};
/* End PBXNativeTarget section */

/* Begin PBXProject section */
		C6DDFABF20CAB04700BEAF5B /* Project object */ = {
			isa = PBXProject;
			attributes = {
				LastSwiftUpdateCheck = 0940;
				LastUpgradeCheck = 0940;
				ORGANIZATIONNAME = "Michael Pchelnikov";
				TargetAttributes = {
					C6DDFAC620CAB04700BEAF5B = {
						CreatedOnToolsVersion = 9.4;
					};
					C6DDFADD20CAB04A00BEAF5B = {
						CreatedOnToolsVersion = 9.4;
						TestTargetID = C6DDFAC620CAB04700BEAF5B;
					};
					C6DDFAE820CAB04A00BEAF5B = {
						CreatedOnToolsVersion = 9.4;
						TestTargetID = C6DDFAC620CAB04700BEAF5B;
					};
				};
			};
			buildConfigurationList = C6DDFAC220CAB04700BEAF5B /* Build configuration list for PBXProject "TheMovies" */;
			compatibilityVersion = "Xcode 9.3";
			developmentRegion = en;
			hasScannedForEncodings = 0;
			knownRegions = (
				en,
				Base,
			);
			mainGroup = C6DDFABE20CAB04700BEAF5B;
			productRefGroup = C6DDFAC820CAB04700BEAF5B /* Products */;
			projectDirPath = "";
			projectRoot = "";
			targets = (
				C6DDFAC620CAB04700BEAF5B /* TheMovies */,
				C6DDFADD20CAB04A00BEAF5B /* TheMoviesTests */,
				C6DDFAE820CAB04A00BEAF5B /* TheMoviesUITests */,
			);
		};
/* End PBXProject section */

/* Begin PBXResourcesBuildPhase section */
		C6DDFAC520CAB04700BEAF5B /* Resources */ = {
			isa = PBXResourcesBuildPhase;
			buildActionMask = 2147483647;
			files = (
				C6DDFAD820CAB04900BEAF5B /* LaunchScreen.storyboard in Resources */,
				C6DDFAD520CAB04900BEAF5B /* Assets.xcassets in Resources */,
			);
			runOnlyForDeploymentPostprocessing = 0;
		};
		C6DDFADC20CAB04A00BEAF5B /* Resources */ = {
			isa = PBXResourcesBuildPhase;
			buildActionMask = 2147483647;
			files = (
			);
			runOnlyForDeploymentPostprocessing = 0;
		};
		C6DDFAE720CAB04A00BEAF5B /* Resources */ = {
			isa = PBXResourcesBuildPhase;
			buildActionMask = 2147483647;
			files = (
			);
			runOnlyForDeploymentPostprocessing = 0;
		};
/* End PBXResourcesBuildPhase section */

/* Begin PBXShellScriptBuildPhase section */
		4C50FBA90ABCD0C6A5EB5BD2 /* [CP] Check Pods Manifest.lock */ = {
			isa = PBXShellScriptBuildPhase;
			buildActionMask = 2147483647;
			files = (
			);
			inputPaths = (
				"${PODS_PODFILE_DIR_PATH}/Podfile.lock",
				"${PODS_ROOT}/Manifest.lock",
			);
			name = "[CP] Check Pods Manifest.lock";
			outputPaths = (
				"$(DERIVED_FILE_DIR)/Pods-TheMoviesUITests-checkManifestLockResult.txt",
			);
			runOnlyForDeploymentPostprocessing = 0;
			shellPath = /bin/sh;
			shellScript = "diff \"${PODS_PODFILE_DIR_PATH}/Podfile.lock\" \"${PODS_ROOT}/Manifest.lock\" > /dev/null\nif [ $? != 0 ] ; then\n    # print error to STDERR\n    echo \"error: The sandbox is not in sync with the Podfile.lock. Run 'pod install' or update your CocoaPods installation.\" >&2\n    exit 1\nfi\n# This output is used by Xcode 'outputs' to avoid re-running this script phase.\necho \"SUCCESS\" > \"${SCRIPT_OUTPUT_FILE_0}\"\n";
			showEnvVarsInLog = 0;
		};
		58C4D377E1363BEA7F2BE368 /* [CP] Check Pods Manifest.lock */ = {
			isa = PBXShellScriptBuildPhase;
			buildActionMask = 2147483647;
			files = (
			);
			inputPaths = (
				"${PODS_PODFILE_DIR_PATH}/Podfile.lock",
				"${PODS_ROOT}/Manifest.lock",
			);
			name = "[CP] Check Pods Manifest.lock";
			outputPaths = (
				"$(DERIVED_FILE_DIR)/Pods-TheMoviesTests-checkManifestLockResult.txt",
			);
			runOnlyForDeploymentPostprocessing = 0;
			shellPath = /bin/sh;
			shellScript = "diff \"${PODS_PODFILE_DIR_PATH}/Podfile.lock\" \"${PODS_ROOT}/Manifest.lock\" > /dev/null\nif [ $? != 0 ] ; then\n    # print error to STDERR\n    echo \"error: The sandbox is not in sync with the Podfile.lock. Run 'pod install' or update your CocoaPods installation.\" >&2\n    exit 1\nfi\n# This output is used by Xcode 'outputs' to avoid re-running this script phase.\necho \"SUCCESS\" > \"${SCRIPT_OUTPUT_FILE_0}\"\n";
			showEnvVarsInLog = 0;
		};
		9B9DD501B2DB3AB26B979874 /* [CP] Embed Pods Frameworks */ = {
			isa = PBXShellScriptBuildPhase;
			buildActionMask = 2147483647;
			files = (
			);
			inputPaths = (
				"${PODS_ROOT}/Target Support Files/Pods-TheMovies/Pods-TheMovies-frameworks.sh",
				"${BUILT_PRODUCTS_DIR}/Kingfisher/Kingfisher.framework",
				"${BUILT_PRODUCTS_DIR}/MarkerKit/MarkerKit.framework",
				"${BUILT_PRODUCTS_DIR}/RxCocoa/RxCocoa.framework",
				"${BUILT_PRODUCTS_DIR}/RxRelay/RxRelay.framework",
				"${BUILT_PRODUCTS_DIR}/RxSwift/RxSwift.framework",
			);
			name = "[CP] Embed Pods Frameworks";
			outputPaths = (
				"${TARGET_BUILD_DIR}/${FRAMEWORKS_FOLDER_PATH}/Kingfisher.framework",
				"${TARGET_BUILD_DIR}/${FRAMEWORKS_FOLDER_PATH}/MarkerKit.framework",
				"${TARGET_BUILD_DIR}/${FRAMEWORKS_FOLDER_PATH}/RxCocoa.framework",
				"${TARGET_BUILD_DIR}/${FRAMEWORKS_FOLDER_PATH}/RxRelay.framework",
				"${TARGET_BUILD_DIR}/${FRAMEWORKS_FOLDER_PATH}/RxSwift.framework",
			);
			runOnlyForDeploymentPostprocessing = 0;
			shellPath = /bin/sh;
			shellScript = "\"${PODS_ROOT}/Target Support Files/Pods-TheMovies/Pods-TheMovies-frameworks.sh\"\n";
			showEnvVarsInLog = 0;
		};
		A85D84B7A92644C55936CE76 /* [CP] Check Pods Manifest.lock */ = {
			isa = PBXShellScriptBuildPhase;
			buildActionMask = 2147483647;
			files = (
			);
			inputPaths = (
				"${PODS_PODFILE_DIR_PATH}/Podfile.lock",
				"${PODS_ROOT}/Manifest.lock",
			);
			name = "[CP] Check Pods Manifest.lock";
			outputPaths = (
				"$(DERIVED_FILE_DIR)/Pods-TheMovies-checkManifestLockResult.txt",
			);
			runOnlyForDeploymentPostprocessing = 0;
			shellPath = /bin/sh;
			shellScript = "diff \"${PODS_PODFILE_DIR_PATH}/Podfile.lock\" \"${PODS_ROOT}/Manifest.lock\" > /dev/null\nif [ $? != 0 ] ; then\n    # print error to STDERR\n    echo \"error: The sandbox is not in sync with the Podfile.lock. Run 'pod install' or update your CocoaPods installation.\" >&2\n    exit 1\nfi\n# This output is used by Xcode 'outputs' to avoid re-running this script phase.\necho \"SUCCESS\" > \"${SCRIPT_OUTPUT_FILE_0}\"\n";
			showEnvVarsInLog = 0;
		};
/* End PBXShellScriptBuildPhase section */

/* Begin PBXSourcesBuildPhase section */
		C6DDFAC320CAB04700BEAF5B /* Sources */ = {
			isa = PBXSourcesBuildPhase;
			buildActionMask = 2147483647;
			files = (
				C61D63F720CC70A00065715B /* APIManager.swift in Sources */,
				C68222752120910500A76D9A /* BaseVC.swift in Sources */,
				C6F9161A2117885A00526B26 /* DiscoverVM.swift in Sources */,
				C6DDFACD20CAB04700BEAF5B /* SearchTableVC.swift in Sources */,
				C6EC202620CDD50A00817D21 /* QueriesHistoryService.swift in Sources */,
				C61D640A20CC9FCE0065715B /* Collection+.swift in Sources */,
				C61D640420CC983F0065715B /* BaseViewModel.swift in Sources */,
				C68222712120536D00A76D9A /* UIImageView+.swift in Sources */,
				C61D63F420CC69F40065715B /* Config.swift in Sources */,
				C682227321208F0000A76D9A /* MovieDetailsResponse.swift in Sources */,
				C6D711892116569E004E8822 /* UILabel+.swift in Sources */,
				C682226B21204CDE00A76D9A /* MovieDeatilsVC.swift in Sources */,
				C65C2A9A211F883300759E8A /* UIView+.swift in Sources */,
				C6D7118B21165806004E8822 /* Image.swift in Sources */,
				C6D7118521165275004E8822 /* TabBarViewController.swift in Sources */,
				C682226D21204CEF00A76D9A /* MovieDetailsVM.swift in Sources */,
				C65C15E3219B7CEE00F9FB42 /* JSONDecoder+.swift in Sources */,
				C61D640820CC9EB60065715B /* MovieItemCell.swift in Sources */,
				C61D63FA20CC957D0065715B /* MoviesResults.swift in Sources */,
				C65C15E1219B5F9D00F9FB42 /* TheMovieDBApi.swift in Sources */,
				C6DDFACB20CAB04700BEAF5B /* AppDelegate.swift in Sources */,
				C6DDFAFD20CAB32200BEAF5B /* UIColor+.swift in Sources */,
				C61D63FE20CC95B60065715B /* Movie.swift in Sources */,
				C65C2A9C211F90ED00759E8A /* DateFormatter+.swift in Sources */,
				C682226F2120502E00A76D9A /* MovieYearReleaseView.swift in Sources */,
				C65C15DD219B5BB100F9FB42 /* AppError.swift in Sources */,
				C65C15DF219B5C5D00F9FB42 /* Dependencies.swift in Sources */,
				C68222772120940000A76D9A /* BaseTableVC.swift in Sources */,
				C61D63F220CC66E90065715B /* SearchScreenVM.swift in Sources */,
				C60317E121165B440072ABF1 /* DiscoverTableVC.swift in Sources */,
				C66C0BE620CE666000B7D42E /* AlertService.swift in Sources */,
				C65C15DB219B5A5000F9FB42 /* Endpoint.swift in Sources */,
				C61D640220CC96030065715B /* MoviesResponse.swift in Sources */,
			);
			runOnlyForDeploymentPostprocessing = 0;
		};
		C6DDFADA20CAB04A00BEAF5B /* Sources */ = {
			isa = PBXSourcesBuildPhase;
			buildActionMask = 2147483647;
			files = (
				C6DDFAE320CAB04A00BEAF5B /* TheMoviesTests.swift in Sources */,
			);
			runOnlyForDeploymentPostprocessing = 0;
		};
		C6DDFAE520CAB04A00BEAF5B /* Sources */ = {
			isa = PBXSourcesBuildPhase;
			buildActionMask = 2147483647;
			files = (
				C6DDFAEE20CAB04A00BEAF5B /* TheMoviesUITests.swift in Sources */,
			);
			runOnlyForDeploymentPostprocessing = 0;
		};
/* End PBXSourcesBuildPhase section */

/* Begin PBXTargetDependency section */
		C6DDFAE020CAB04A00BEAF5B /* PBXTargetDependency */ = {
			isa = PBXTargetDependency;
			target = C6DDFAC620CAB04700BEAF5B /* TheMovies */;
			targetProxy = C6DDFADF20CAB04A00BEAF5B /* PBXContainerItemProxy */;
		};
		C6DDFAEB20CAB04A00BEAF5B /* PBXTargetDependency */ = {
			isa = PBXTargetDependency;
			target = C6DDFAC620CAB04700BEAF5B /* TheMovies */;
			targetProxy = C6DDFAEA20CAB04A00BEAF5B /* PBXContainerItemProxy */;
		};
/* End PBXTargetDependency section */

/* Begin PBXVariantGroup section */
		C6DDFAD620CAB04900BEAF5B /* LaunchScreen.storyboard */ = {
			isa = PBXVariantGroup;
			children = (
				C6DDFAD720CAB04900BEAF5B /* Base */,
			);
			name = LaunchScreen.storyboard;
			sourceTree = "<group>";
		};
/* End PBXVariantGroup section */

/* Begin XCBuildConfiguration section */
		C6DDFAF020CAB04A00BEAF5B /* Debug */ = {
			isa = XCBuildConfiguration;
			buildSettings = {
				ALWAYS_SEARCH_USER_PATHS = NO;
				CLANG_ANALYZER_NONNULL = YES;
				CLANG_ANALYZER_NUMBER_OBJECT_CONVERSION = YES_AGGRESSIVE;
				CLANG_CXX_LANGUAGE_STANDARD = "gnu++14";
				CLANG_CXX_LIBRARY = "libc++";
				CLANG_ENABLE_MODULES = YES;
				CLANG_ENABLE_OBJC_ARC = YES;
				CLANG_ENABLE_OBJC_WEAK = YES;
				CLANG_WARN_BLOCK_CAPTURE_AUTORELEASING = YES;
				CLANG_WARN_BOOL_CONVERSION = YES;
				CLANG_WARN_COMMA = YES;
				CLANG_WARN_CONSTANT_CONVERSION = YES;
				CLANG_WARN_DEPRECATED_OBJC_IMPLEMENTATIONS = YES;
				CLANG_WARN_DIRECT_OBJC_ISA_USAGE = YES_ERROR;
				CLANG_WARN_DOCUMENTATION_COMMENTS = YES;
				CLANG_WARN_EMPTY_BODY = YES;
				CLANG_WARN_ENUM_CONVERSION = YES;
				CLANG_WARN_INFINITE_RECURSION = YES;
				CLANG_WARN_INT_CONVERSION = YES;
				CLANG_WARN_NON_LITERAL_NULL_CONVERSION = YES;
				CLANG_WARN_OBJC_IMPLICIT_RETAIN_SELF = YES;
				CLANG_WARN_OBJC_LITERAL_CONVERSION = YES;
				CLANG_WARN_OBJC_ROOT_CLASS = YES_ERROR;
				CLANG_WARN_RANGE_LOOP_ANALYSIS = YES;
				CLANG_WARN_STRICT_PROTOTYPES = YES;
				CLANG_WARN_SUSPICIOUS_MOVE = YES;
				CLANG_WARN_UNGUARDED_AVAILABILITY = YES_AGGRESSIVE;
				CLANG_WARN_UNREACHABLE_CODE = YES;
				CLANG_WARN__DUPLICATE_METHOD_MATCH = YES;
				CODE_SIGN_IDENTITY = "iPhone Developer";
				COPY_PHASE_STRIP = NO;
				DEBUG_INFORMATION_FORMAT = dwarf;
				ENABLE_STRICT_OBJC_MSGSEND = YES;
				ENABLE_TESTABILITY = YES;
				GCC_C_LANGUAGE_STANDARD = gnu11;
				GCC_DYNAMIC_NO_PIC = NO;
				GCC_NO_COMMON_BLOCKS = YES;
				GCC_OPTIMIZATION_LEVEL = 0;
				GCC_PREPROCESSOR_DEFINITIONS = (
					"DEBUG=1",
					"$(inherited)",
				);
				GCC_WARN_64_TO_32_BIT_CONVERSION = YES;
				GCC_WARN_ABOUT_RETURN_TYPE = YES_ERROR;
				GCC_WARN_UNDECLARED_SELECTOR = YES;
				GCC_WARN_UNINITIALIZED_AUTOS = YES_AGGRESSIVE;
				GCC_WARN_UNUSED_FUNCTION = YES;
				GCC_WARN_UNUSED_VARIABLE = YES;
				IPHONEOS_DEPLOYMENT_TARGET = 10.0;
				MTL_ENABLE_DEBUG_INFO = YES;
				ONLY_ACTIVE_ARCH = YES;
				SDKROOT = iphoneos;
				SWIFT_ACTIVE_COMPILATION_CONDITIONS = DEBUG;
				SWIFT_OPTIMIZATION_LEVEL = "-Onone";
				SWIFT_VERSION = 5.0;
			};
			name = Debug;
		};
		C6DDFAF120CAB04A00BEAF5B /* Release */ = {
			isa = XCBuildConfiguration;
			buildSettings = {
				ALWAYS_SEARCH_USER_PATHS = NO;
				CLANG_ANALYZER_NONNULL = YES;
				CLANG_ANALYZER_NUMBER_OBJECT_CONVERSION = YES_AGGRESSIVE;
				CLANG_CXX_LANGUAGE_STANDARD = "gnu++14";
				CLANG_CXX_LIBRARY = "libc++";
				CLANG_ENABLE_MODULES = YES;
				CLANG_ENABLE_OBJC_ARC = YES;
				CLANG_ENABLE_OBJC_WEAK = YES;
				CLANG_WARN_BLOCK_CAPTURE_AUTORELEASING = YES;
				CLANG_WARN_BOOL_CONVERSION = YES;
				CLANG_WARN_COMMA = YES;
				CLANG_WARN_CONSTANT_CONVERSION = YES;
				CLANG_WARN_DEPRECATED_OBJC_IMPLEMENTATIONS = YES;
				CLANG_WARN_DIRECT_OBJC_ISA_USAGE = YES_ERROR;
				CLANG_WARN_DOCUMENTATION_COMMENTS = YES;
				CLANG_WARN_EMPTY_BODY = YES;
				CLANG_WARN_ENUM_CONVERSION = YES;
				CLANG_WARN_INFINITE_RECURSION = YES;
				CLANG_WARN_INT_CONVERSION = YES;
				CLANG_WARN_NON_LITERAL_NULL_CONVERSION = YES;
				CLANG_WARN_OBJC_IMPLICIT_RETAIN_SELF = YES;
				CLANG_WARN_OBJC_LITERAL_CONVERSION = YES;
				CLANG_WARN_OBJC_ROOT_CLASS = YES_ERROR;
				CLANG_WARN_RANGE_LOOP_ANALYSIS = YES;
				CLANG_WARN_STRICT_PROTOTYPES = YES;
				CLANG_WARN_SUSPICIOUS_MOVE = YES;
				CLANG_WARN_UNGUARDED_AVAILABILITY = YES_AGGRESSIVE;
				CLANG_WARN_UNREACHABLE_CODE = YES;
				CLANG_WARN__DUPLICATE_METHOD_MATCH = YES;
				CODE_SIGN_IDENTITY = "iPhone Developer";
				COPY_PHASE_STRIP = NO;
				DEBUG_INFORMATION_FORMAT = "dwarf-with-dsym";
				ENABLE_NS_ASSERTIONS = NO;
				ENABLE_STRICT_OBJC_MSGSEND = YES;
				GCC_C_LANGUAGE_STANDARD = gnu11;
				GCC_NO_COMMON_BLOCKS = YES;
				GCC_WARN_64_TO_32_BIT_CONVERSION = YES;
				GCC_WARN_ABOUT_RETURN_TYPE = YES_ERROR;
				GCC_WARN_UNDECLARED_SELECTOR = YES;
				GCC_WARN_UNINITIALIZED_AUTOS = YES_AGGRESSIVE;
				GCC_WARN_UNUSED_FUNCTION = YES;
				GCC_WARN_UNUSED_VARIABLE = YES;
				IPHONEOS_DEPLOYMENT_TARGET = 10.0;
				MTL_ENABLE_DEBUG_INFO = NO;
				SDKROOT = iphoneos;
				SWIFT_COMPILATION_MODE = wholemodule;
				SWIFT_OPTIMIZATION_LEVEL = "-O";
				SWIFT_VERSION = 5.0;
				VALIDATE_PRODUCT = YES;
			};
			name = Release;
		};
		C6DDFAF320CAB04A00BEAF5B /* Debug */ = {
			isa = XCBuildConfiguration;
			baseConfigurationReference = FCDD7158E5D2C7EF73934758 /* Pods-TheMovies.debug.xcconfig */;
			buildSettings = {
				ASSETCATALOG_COMPILER_APPICON_NAME = AppIcon;
				CODE_SIGN_STYLE = Automatic;
				DEVELOPMENT_TEAM = D54US7N29T;
				INFOPLIST_FILE = "$(SRCROOT)/TheMovies/Supporting Files/Info.plist";
				LD_RUNPATH_SEARCH_PATHS = (
					"$(inherited)",
					"@executable_path/Frameworks",
				);
				PRODUCT_BUNDLE_IDENTIFIER = com.pchelnikov.TheMovies;
				PRODUCT_NAME = "$(TARGET_NAME)";
				SWIFT_VERSION = 5.0;
				TARGETED_DEVICE_FAMILY = 1;
			};
			name = Debug;
		};
		C6DDFAF420CAB04A00BEAF5B /* Release */ = {
			isa = XCBuildConfiguration;
			baseConfigurationReference = 645F721A65976F3CEB91F418 /* Pods-TheMovies.release.xcconfig */;
			buildSettings = {
				ASSETCATALOG_COMPILER_APPICON_NAME = AppIcon;
				CODE_SIGN_STYLE = Automatic;
				DEVELOPMENT_TEAM = D54US7N29T;
				INFOPLIST_FILE = "$(SRCROOT)/TheMovies/Supporting Files/Info.plist";
				LD_RUNPATH_SEARCH_PATHS = (
					"$(inherited)",
					"@executable_path/Frameworks",
				);
				PRODUCT_BUNDLE_IDENTIFIER = com.pchelnikov.TheMovies;
				PRODUCT_NAME = "$(TARGET_NAME)";
				SWIFT_VERSION = 5.0;
				TARGETED_DEVICE_FAMILY = 1;
			};
			name = Release;
		};
		C6DDFAF620CAB04A00BEAF5B /* Debug */ = {
			isa = XCBuildConfiguration;
			baseConfigurationReference = 26C052C2B4E5C68C633D790A /* Pods-TheMoviesTests.debug.xcconfig */;
			buildSettings = {
				ALWAYS_EMBED_SWIFT_STANDARD_LIBRARIES = YES;
				BUNDLE_LOADER = "$(TEST_HOST)";
				CODE_SIGN_STYLE = Automatic;
				DEVELOPMENT_TEAM = D54US7N29T;
				INFOPLIST_FILE = "$(SRCROOT)/TheMoviesTests/Info.plist";
				LD_RUNPATH_SEARCH_PATHS = (
					"$(inherited)",
					"@executable_path/Frameworks",
					"@loader_path/Frameworks",
				);
				PRODUCT_BUNDLE_IDENTIFIER = com.pchelnikov.TheMoviesTests;
				PRODUCT_NAME = "$(TARGET_NAME)";
				SWIFT_VERSION = 5.0;
				TARGETED_DEVICE_FAMILY = "1,2";
				TEST_HOST = "$(BUILT_PRODUCTS_DIR)/TheMovies.app/TheMovies";
			};
			name = Debug;
		};
		C6DDFAF720CAB04A00BEAF5B /* Release */ = {
			isa = XCBuildConfiguration;
			baseConfigurationReference = 43B53DEE7994C721EB3E71B9 /* Pods-TheMoviesTests.release.xcconfig */;
			buildSettings = {
				ALWAYS_EMBED_SWIFT_STANDARD_LIBRARIES = YES;
				BUNDLE_LOADER = "$(TEST_HOST)";
				CODE_SIGN_STYLE = Automatic;
				DEVELOPMENT_TEAM = D54US7N29T;
				INFOPLIST_FILE = "$(SRCROOT)/TheMoviesTests/Info.plist";
				LD_RUNPATH_SEARCH_PATHS = (
					"$(inherited)",
					"@executable_path/Frameworks",
					"@loader_path/Frameworks",
				);
				PRODUCT_BUNDLE_IDENTIFIER = com.pchelnikov.TheMoviesTests;
				PRODUCT_NAME = "$(TARGET_NAME)";
				SWIFT_VERSION = 5.0;
				TARGETED_DEVICE_FAMILY = "1,2";
				TEST_HOST = "$(BUILT_PRODUCTS_DIR)/TheMovies.app/TheMovies";
			};
			name = Release;
		};
		C6DDFAF920CAB04A00BEAF5B /* Debug */ = {
			isa = XCBuildConfiguration;
			baseConfigurationReference = 4DAE3A6A6AE568BD8ECACC1B /* Pods-TheMoviesUITests.debug.xcconfig */;
			buildSettings = {
				ALWAYS_EMBED_SWIFT_STANDARD_LIBRARIES = YES;
				CODE_SIGN_STYLE = Automatic;
				DEVELOPMENT_TEAM = D54US7N29T;
				INFOPLIST_FILE = "$(SRCROOT)/TheMoviesUITests/Info.plist";
				LD_RUNPATH_SEARCH_PATHS = (
					"$(inherited)",
					"@executable_path/Frameworks",
					"@loader_path/Frameworks",
				);
				PRODUCT_BUNDLE_IDENTIFIER = com.pchelnikov.TheMoviesUITests;
				PRODUCT_NAME = "$(TARGET_NAME)";
				SWIFT_VERSION = 5.0;
				TARGETED_DEVICE_FAMILY = "1,2";
				TEST_TARGET_NAME = TheMovies;
			};
			name = Debug;
		};
		C6DDFAFA20CAB04A00BEAF5B /* Release */ = {
			isa = XCBuildConfiguration;
			baseConfigurationReference = 74346CD39050B27C5BB90B89 /* Pods-TheMoviesUITests.release.xcconfig */;
			buildSettings = {
				ALWAYS_EMBED_SWIFT_STANDARD_LIBRARIES = YES;
				CODE_SIGN_STYLE = Automatic;
				DEVELOPMENT_TEAM = D54US7N29T;
				INFOPLIST_FILE = "$(SRCROOT)/TheMoviesUITests/Info.plist";
				LD_RUNPATH_SEARCH_PATHS = (
					"$(inherited)",
					"@executable_path/Frameworks",
					"@loader_path/Frameworks",
				);
				PRODUCT_BUNDLE_IDENTIFIER = com.pchelnikov.TheMoviesUITests;
				PRODUCT_NAME = "$(TARGET_NAME)";
				SWIFT_VERSION = 5.0;
				TARGETED_DEVICE_FAMILY = "1,2";
				TEST_TARGET_NAME = TheMovies;
			};
			name = Release;
		};
/* End XCBuildConfiguration section */

/* Begin XCConfigurationList section */
		C6DDFAC220CAB04700BEAF5B /* Build configuration list for PBXProject "TheMovies" */ = {
			isa = XCConfigurationList;
			buildConfigurations = (
				C6DDFAF020CAB04A00BEAF5B /* Debug */,
				C6DDFAF120CAB04A00BEAF5B /* Release */,
			);
			defaultConfigurationIsVisible = 0;
			defaultConfigurationName = Release;
		};
		C6DDFAF220CAB04A00BEAF5B /* Build configuration list for PBXNativeTarget "TheMovies" */ = {
			isa = XCConfigurationList;
			buildConfigurations = (
				C6DDFAF320CAB04A00BEAF5B /* Debug */,
				C6DDFAF420CAB04A00BEAF5B /* Release */,
			);
			defaultConfigurationIsVisible = 0;
			defaultConfigurationName = Release;
		};
		C6DDFAF520CAB04A00BEAF5B /* Build configuration list for PBXNativeTarget "TheMoviesTests" */ = {
			isa = XCConfigurationList;
			buildConfigurations = (
				C6DDFAF620CAB04A00BEAF5B /* Debug */,
				C6DDFAF720CAB04A00BEAF5B /* Release */,
			);
			defaultConfigurationIsVisible = 0;
			defaultConfigurationName = Release;
		};
		C6DDFAF820CAB04A00BEAF5B /* Build configuration list for PBXNativeTarget "TheMoviesUITests" */ = {
			isa = XCConfigurationList;
			buildConfigurations = (
				C6DDFAF920CAB04A00BEAF5B /* Debug */,
				C6DDFAFA20CAB04A00BEAF5B /* Release */,
			);
			defaultConfigurationIsVisible = 0;
			defaultConfigurationName = Release;
		};
/* End XCConfigurationList section */
	};
	rootObject = C6DDFABF20CAB04700BEAF5B /* Project object */;
}
